
Microsoft Visual Studio Solution File, Format Version 12.00
Project("{FAE04EC0-301F-11D3-BF4B-00C04F79EFBC}") = "SampleDataProject", "SampleDataProject\SampleDataProject.csproj", "{45CACD58-B0E6-492A-AAA5-3E2FDAD3EDE2}"
EndProject
Project("{FAE04EC0-301F-11D3-BF4B-00C04F79EFBC}") = "TestToolsDataTest", "TestToolsDataTest\TestToolsDataTest.csproj", "{28FC8D5D-DC0F-47B3-8879-392D6A2F8DBA}"
EndProject
Global
	GlobalSection(SolutionConfigurationPlatforms) = preSolution
		Debug|Any CPU = Debug|Any CPU
		Release|Any CPU = Release|Any CPU
	EndGlobalSection
	GlobalSection(ProjectConfigurationPlatforms) = postSolution
		{45CACD58-B0E6-492A-AAA5-3E2FDAD3EDE2}.Debug|Any CPU.ActiveCfg = Debug|Any CPU
		{45CACD58-B0E6-492A-AAA5-3E2FDAD3EDE2}.Debug|Any CPU.Build.0 = Debug|Any CPU
		{45CACD58-B0E6-492A-AAA5-3E2FDAD3EDE2}.Release|Any CPU.ActiveCfg = Release|Any CPU
		{45CACD58-B0E6-492A-AAA5-3E2FDAD3EDE2}.Release|Any CPU.Build.0 = Release|Any CPU
		{28FC8D5D-DC0F-47B3-8879-392D6A2F8DBA}.Debug|Any CPU.ActiveCfg = Debug|Any CPU
		{28FC8D5D-DC0F-47B3-8879-392D6A2F8DBA}.Debug|Any CPU.Build.0 = Debug|Any CPU
		{28FC8D5D-DC0F-47B3-8879-392D6A2F8DBA}.Release|Any CPU.ActiveCfg = Release|Any CPU
		{28FC8D5D-DC0F-47B3-8879-392D6A2F8DBA}.Release|Any CPU.Build.0 = Release|Any CPU
	EndGlobalSection
EndGlobal
