
Microsoft Visual Studio Solution File, Format Version 12.00
# Visual Studio Version 16
VisualStudioVersion = 16.0.28803.352
MinimumVisualStudioVersion = 10.0.40219.1
Project("{9A19103F-16F7-4668-BE54-9A1E7A4F7556}") = "ExampleTests", "IntelliTect.TestTools.TestFramework\ExampleTests\ExampleTests\ExampleTests.csproj", "{748A0D88-12EA-4C3F-8705-4D6BC1AD3F11}"
EndProject
Project("{9A19103F-16F7-4668-BE54-9A1E7A4F7556}") = "IntelliTect.TestTools.TestFramework", "IntelliTect.TestTools.TestFramework\IntelliTect.TestTools.TestFramework\IntelliTect.TestTools.TestFramework.csproj", "{FF66F1B9-EF9B-4D21-8C20-0B4A47B3C4D7}"
EndProject
Project("{9A19103F-16F7-4668-BE54-9A1E7A4F7556}") = "IntelliTect.TestTools.TestFramework.Tests", "IntelliTect.TestTools.TestFramework\IntelliTect.TestTools.TestFramework.Tests\IntelliTect.TestTools.TestFramework.Tests.csproj", "{E64B6292-F8AF-475F-B45E-9BAB7D695579}"
EndProject
Project("{2150E333-8FDC-42A3-9474-1A3956D46DE8}") = "Solution Items", "Solution Items", "{0114A621-A999-40EC-87C8-AF915A6E2DEC}"
	ProjectSection(SolutionItems) = preProject
		testframework-pipeline.yml = testframework-pipeline.yml
	EndProjectSection
EndProject
Global
	GlobalSection(SolutionConfigurationPlatforms) = preSolution
		Debug|Any CPU = Debug|Any CPU
		Release|Any CPU = Release|Any CPU
	EndGlobalSection
	GlobalSection(ProjectConfigurationPlatforms) = postSolution
		{748A0D88-12EA-4C3F-8705-4D6BC1AD3F11}.Debug|Any CPU.ActiveCfg = Debug|Any CPU
		{748A0D88-12EA-4C3F-8705-4D6BC1AD3F11}.Debug|Any CPU.Build.0 = Debug|Any CPU
		{748A0D88-12EA-4C3F-8705-4D6BC1AD3F11}.Release|Any CPU.ActiveCfg = Release|Any CPU
		{748A0D88-12EA-4C3F-8705-4D6BC1AD3F11}.Release|Any CPU.Build.0 = Release|Any CPU
		{FF66F1B9-EF9B-4D21-8C20-0B4A47B3C4D7}.Debug|Any CPU.ActiveCfg = Debug|Any CPU
		{FF66F1B9-EF9B-4D21-8C20-0B4A47B3C4D7}.Debug|Any CPU.Build.0 = Debug|Any CPU
		{FF66F1B9-EF9B-4D21-8C20-0B4A47B3C4D7}.Release|Any CPU.ActiveCfg = Release|Any CPU
		{FF66F1B9-EF9B-4D21-8C20-0B4A47B3C4D7}.Release|Any CPU.Build.0 = Release|Any CPU
		{E64B6292-F8AF-475F-B45E-9BAB7D695579}.Debug|Any CPU.ActiveCfg = Debug|Any CPU
		{E64B6292-F8AF-475F-B45E-9BAB7D695579}.Debug|Any CPU.Build.0 = Debug|Any CPU
		{E64B6292-F8AF-475F-B45E-9BAB7D695579}.Release|Any CPU.ActiveCfg = Release|Any CPU
		{E64B6292-F8AF-475F-B45E-9BAB7D695579}.Release|Any CPU.Build.0 = Release|Any CPU
	EndGlobalSection
	GlobalSection(SolutionProperties) = preSolution
		HideSolutionNode = FALSE
	EndGlobalSection
	GlobalSection(ExtensibilityGlobals) = postSolution
		SolutionGuid = {7AB70ED8-BEEE-49E3-B02D-1D81E5C9B645}
	EndGlobalSection
EndGlobal
