
Microsoft Visual Studio Solution File, Format Version 12.00
# Visual Studio 14
VisualStudioVersion = 14.0.23107.0
MinimumVisualStudioVersion = 10.0.40219.1
Project("{FAE04EC0-301F-11D3-BF4B-00C04F79EFBC}") = "Intellitect.ConsoleView", "Intellitect.ConsoleView\Intellitect.ConsoleView.csproj", "{57D8817D-3FC0-4202-9BC2-D5B24C2E5397}"
EndProject
Project("{FAE04EC0-301F-11D3-BF4B-00C04F79EFBC}") = "IntelliTect.ConsoleView.Tests", "IntelliTect.ConsoleView.Tests\IntelliTect.ConsoleView.Tests.csproj", "{961C1405-8B86-42EC-8973-B5D8671A049B}"
EndProject
Global
	GlobalSection(SolutionConfigurationPlatforms) = preSolution
		Debug|Any CPU = Debug|Any CPU
		Release|Any CPU = Release|Any CPU
	EndGlobalSection
	GlobalSection(ProjectConfigurationPlatforms) = postSolution
		{57D8817D-3FC0-4202-9BC2-D5B24C2E5397}.Debug|Any CPU.ActiveCfg = Debug|Any CPU
		{57D8817D-3FC0-4202-9BC2-D5B24C2E5397}.Debug|Any CPU.Build.0 = Debug|Any CPU
		{57D8817D-3FC0-4202-9BC2-D5B24C2E5397}.Release|Any CPU.ActiveCfg = Release|Any CPU
		{57D8817D-3FC0-4202-9BC2-D5B24C2E5397}.Release|Any CPU.Build.0 = Release|Any CPU
		{961C1405-8B86-42EC-8973-B5D8671A049B}.Debug|Any CPU.ActiveCfg = Debug|Any CPU
		{961C1405-8B86-42EC-8973-B5D8671A049B}.Debug|Any CPU.Build.0 = Debug|Any CPU
		{961C1405-8B86-42EC-8973-B5D8671A049B}.Release|Any CPU.ActiveCfg = Release|Any CPU
		{961C1405-8B86-42EC-8973-B5D8671A049B}.Release|Any CPU.Build.0 = Release|Any CPU
	EndGlobalSection
	GlobalSection(SolutionProperties) = preSolution
		HideSolutionNode = FALSE
	EndGlobalSection
EndGlobal
