
Microsoft Visual Studio Solution File, Format Version 12.00
# Visual Studio Version 16
VisualStudioVersion = 16.0.30114.105
MinimumVisualStudioVersion = 10.0.40219.1
Project("{FAE04EC0-301F-11D3-BF4B-00C04F79EFBC}") = "IntelliTect.TestTools.Console.Tests", "IntelliTect.TestTools.Console.Tests\IntelliTect.TestTools.Console.Tests.csproj", "{EA67850E-E84F-4006-85F8-5D91FBCA33E1}"
EndProject
Project("{FAE04EC0-301F-11D3-BF4B-00C04F79EFBC}") = "IntelliTect.TestTools.Console", "IntelliTect.TestTools.Console\IntelliTect.TestTools.Console.csproj", "{16FF13CC-0EE2-4D04-932D-BCD939F5DEF4}"
EndProject
Global
	GlobalSection(SolutionConfigurationPlatforms) = preSolution
		Debug|Any CPU = Debug|Any CPU
		Release|Any CPU = Release|Any CPU
	EndGlobalSection
	GlobalSection(SolutionProperties) = preSolution
		HideSolutionNode = FALSE
	EndGlobalSection
	GlobalSection(ProjectConfigurationPlatforms) = postSolution
		{EA67850E-E84F-4006-85F8-5D91FBCA33E1}.Debug|Any CPU.ActiveCfg = Debug|Any CPU
		{EA67850E-E84F-4006-85F8-5D91FBCA33E1}.Debug|Any CPU.Build.0 = Debug|Any CPU
		{EA67850E-E84F-4006-85F8-5D91FBCA33E1}.Release|Any CPU.ActiveCfg = Release|Any CPU
		{EA67850E-E84F-4006-85F8-5D91FBCA33E1}.Release|Any CPU.Build.0 = Release|Any CPU
		{16FF13CC-0EE2-4D04-932D-BCD939F5DEF4}.Debug|Any CPU.ActiveCfg = Debug|Any CPU
		{16FF13CC-0EE2-4D04-932D-BCD939F5DEF4}.Debug|Any CPU.Build.0 = Debug|Any CPU
		{16FF13CC-0EE2-4D04-932D-BCD939F5DEF4}.Release|Any CPU.ActiveCfg = Release|Any CPU
		{16FF13CC-0EE2-4D04-932D-BCD939F5DEF4}.Release|Any CPU.Build.0 = Release|Any CPU
	EndGlobalSection
EndGlobal
